
Microsoft Visual Studio Solution File, Format Version 12.00
# Visual Studio Version 17
VisualStudioVersion = 17.7.34003.232
MinimumVisualStudioVersion = 10.0.40219.1
Project("{FAE04EC0-301F-11D3-BF4B-00C04F79EFBC}") = "ElevatorControlSystem", "ElevatorControlSystem\ElevatorControlSystem.csproj", "{95B0AF14-CE37-4644-8F40-FD2F3E7AE0C9}"
EndProject
Project("{FAE04EC0-301F-11D3-BF4B-00C04F79EFBC}") = "ElevatorControlSystem.Contracts", "ElevatorControlSystem.Contracts\ElevatorControlSystem.Contracts.csproj", "{5C79F053-9A94-4A47-949D-C32AD320CA64}"
EndProject
Global
	GlobalSection(SolutionConfigurationPlatforms) = preSolution
		Debug|Any CPU = Debug|Any CPU
		Release|Any CPU = Release|Any CPU
	EndGlobalSection
	GlobalSection(ProjectConfigurationPlatforms) = postSolution
		{95B0AF14-CE37-4644-8F40-FD2F3E7AE0C9}.Debug|Any CPU.ActiveCfg = Debug|Any CPU
		{95B0AF14-CE37-4644-8F40-FD2F3E7AE0C9}.Debug|Any CPU.Build.0 = Debug|Any CPU
		{95B0AF14-CE37-4644-8F40-FD2F3E7AE0C9}.Release|Any CPU.ActiveCfg = Release|Any CPU
		{95B0AF14-CE37-4644-8F40-FD2F3E7AE0C9}.Release|Any CPU.Build.0 = Release|Any CPU
		{5C79F053-9A94-4A47-949D-C32AD320CA64}.Debug|Any CPU.ActiveCfg = Debug|Any CPU
		{5C79F053-9A94-4A47-949D-C32AD320CA64}.Debug|Any CPU.Build.0 = Debug|Any CPU
		{5C79F053-9A94-4A47-949D-C32AD320CA64}.Release|Any CPU.ActiveCfg = Release|Any CPU
		{5C79F053-9A94-4A47-949D-C32AD320CA64}.Release|Any CPU.Build.0 = Release|Any CPU
	EndGlobalSection
	GlobalSection(SolutionProperties) = preSolution
		HideSolutionNode = FALSE
	EndGlobalSection
	GlobalSection(ExtensibilityGlobals) = postSolution
		SolutionGuid = {4AFB1E46-5C10-4F55-B49D-A474B57670BF}
	EndGlobalSection
EndGlobal
