
Microsoft Visual Studio Solution File, Format Version 12.00
# Visual Studio Version 17
VisualStudioVersion = 17.7.34003.232
MinimumVisualStudioVersion = 10.0.40219.1
Project("{9A19103F-16F7-4668-BE54-9A1E7A4F7556}") = "ElevatorControlSystem", "ElevatorControlSystem\ElevatorControlSystem.csproj", "{95B0AF14-CE37-4644-8F40-FD2F3E7AE0C9}"
EndProject
Global
	GlobalSection(SolutionConfigurationPlatforms) = preSolution
		Debug|Any CPU = Debug|Any CPU
		Release|Any CPU = Release|Any CPU
	EndGlobalSection
	GlobalSection(ProjectConfigurationPlatforms) = postSolution
		{95B0AF14-CE37-4644-8F40-FD2F3E7AE0C9}.Debug|Any CPU.ActiveCfg = Debug|Any CPU
		{95B0AF14-CE37-4644-8F40-FD2F3E7AE0C9}.Debug|Any CPU.Build.0 = Debug|Any CPU
		{95B0AF14-CE37-4644-8F40-FD2F3E7AE0C9}.Release|Any CPU.ActiveCfg = Release|Any CPU
		{95B0AF14-CE37-4644-8F40-FD2F3E7AE0C9}.Release|Any CPU.Build.0 = Release|Any CPU
	EndGlobalSection
	GlobalSection(SolutionProperties) = preSolution
		HideSolutionNode = FALSE
	EndGlobalSection
	GlobalSection(ExtensibilityGlobals) = postSolution
		SolutionGuid = {4AFB1E46-5C10-4F55-B49D-A474B57670BF}
	EndGlobalSection
EndGlobal
